
Microsoft Visual Studio Solution File, Format Version 12.00
# Visual Studio Version 16
VisualStudioVersion = 16.0.33529.622
MinimumVisualStudioVersion = 10.0.40219.1
Project("{FAE04EC0-301F-11D3-BF4B-00C04F79EFBC}") = "UpdateMailInfo", "UpdateMailInfo\UpdateMailInfo.csproj", "{C50E0CF3-CD9C-4400-B374-6AEA50EC1E15}"
EndProject
Global
	GlobalSection(SolutionConfigurationPlatforms) = preSolution
		Debug|Any CPU = Debug|Any CPU
		Release|Any CPU = Release|Any CPU
	EndGlobalSection
	GlobalSection(ProjectConfigurationPlatforms) = postSolution
		{C50E0CF3-CD9C-4400-B374-6AEA50EC1E15}.Debug|Any CPU.ActiveCfg = Debug|Any CPU
		{C50E0CF3-CD9C-4400-B374-6AEA50EC1E15}.Debug|Any CPU.Build.0 = Debug|Any CPU
		{C50E0CF3-CD9C-4400-B374-6AEA50EC1E15}.Release|Any CPU.ActiveCfg = Release|Any CPU
		{C50E0CF3-CD9C-4400-B374-6AEA50EC1E15}.Release|Any CPU.Build.0 = Release|Any CPU
	EndGlobalSection
	GlobalSection(SolutionProperties) = preSolution
		HideSolutionNode = FALSE
	EndGlobalSection
	GlobalSection(ExtensibilityGlobals) = postSolution
		SolutionGuid = {0F471767-3666-417E-8C1D-78FEDF866127}
	EndGlobalSection
EndGlobal
